
Microsoft Visual Studio Solution File, Format Version 12.00
# Visual Studio Version 16
VisualStudioVersion = 16.0.29911.84
MinimumVisualStudioVersion = 10.0.40219.1
Project("{FAE04EC0-301F-11D3-BF4B-00C04F79EFBC}") = "Parsimony", "Parsimony\Parsimony.csproj", "{18824DA1-C654-4AAF-8140-FA3DBE2F6E4F}"
EndProject
Project("{FAE04EC0-301F-11D3-BF4B-00C04F79EFBC}") = "Parsimony.Tests", "Parsimony.Tests\Parsimony.Tests.csproj", "{43072677-39A5-40AD-BFD8-E9C6FE765093}"
EndProject
Global
	GlobalSection(SolutionConfigurationPlatforms) = preSolution
		Debug|Any CPU = Debug|Any CPU
		Release|Any CPU = Release|Any CPU
	EndGlobalSection
	GlobalSection(ProjectConfigurationPlatforms) = postSolution
		{18824DA1-C654-4AAF-8140-FA3DBE2F6E4F}.Debug|Any CPU.ActiveCfg = Debug|Any CPU
		{18824DA1-C654-4AAF-8140-FA3DBE2F6E4F}.Debug|Any CPU.Build.0 = Debug|Any CPU
		{18824DA1-C654-4AAF-8140-FA3DBE2F6E4F}.Release|Any CPU.ActiveCfg = Release|Any CPU
		{18824DA1-C654-4AAF-8140-FA3DBE2F6E4F}.Release|Any CPU.Build.0 = Release|Any CPU
		{43072677-39A5-40AD-BFD8-E9C6FE765093}.Debug|Any CPU.ActiveCfg = Debug|Any CPU
		{43072677-39A5-40AD-BFD8-E9C6FE765093}.Debug|Any CPU.Build.0 = Debug|Any CPU
		{43072677-39A5-40AD-BFD8-E9C6FE765093}.Release|Any CPU.ActiveCfg = Release|Any CPU
		{43072677-39A5-40AD-BFD8-E9C6FE765093}.Release|Any CPU.Build.0 = Release|Any CPU
	EndGlobalSection
	GlobalSection(SolutionProperties) = preSolution
		HideSolutionNode = FALSE
	EndGlobalSection
	GlobalSection(ExtensibilityGlobals) = postSolution
		SolutionGuid = {9EEAD9BB-ECD4-4D6F-9A6F-3618158248F4}
	EndGlobalSection
EndGlobal
